{
  "name": "filmmaker-plugin",
  "version": "1.0.0",
  "lockfileVersion": 1,
  "requires": true,
  "dependencies": {
    "@rbxts/roact": {
      "version": "1.3.0-ts.2",
      "resolved": "https://registry.npmjs.org/@rbxts/roact/-/roact-1.3.0-ts.2.tgz",
      "integrity": "sha512-cjEYwvZP4SJRpvc2Gg/iDZZ9W7jCR2tkIW1VfiUXuALMRiCg7dtcx+OVlVTbsN8dcCDAxxxfBpO4ks0y9nxgOg=="
    },
    "@rbxts/types": {
      "version": "1.0.393",
      "resolved": "https://registry.npmjs.org/@rbxts/types/-/types-1.0.393.tgz",
      "integrity": "sha512-o5AUuLKCuCOeWKV7siQNEy1S1OTTVceMXXc2T0GiS9FPCfSmQ9/wcC8xeoQKXB8vKZoKUlI82muueXXh3oPDgA==",
      "dev": true
    }
  }
}
